
Microsoft Visual Studio Solution File, Format Version 12.00
# Visual Studio Version 17
VisualStudioVersion = 17.9.34310.174
MinimumVisualStudioVersion = 10.0.40219.1
Project("{FAE04EC0-301F-11D3-BF4B-00C04F79EFBC}") = "ConsoleAppPrimaryConstructorClass", "ConsoleAppPrimaryConstructorClass.csproj", "{C10CE090-8492-462C-BDF1-BDA02E11F6D9}"
EndProject
Global
	GlobalSection(SolutionConfigurationPlatforms) = preSolution
		Debug|Any CPU = Debug|Any CPU
		Release|Any CPU = Release|Any CPU
	EndGlobalSection
	GlobalSection(ProjectConfigurationPlatforms) = postSolution
		{C10CE090-8492-462C-BDF1-BDA02E11F6D9}.Debug|Any CPU.ActiveCfg = Debug|Any CPU
		{C10CE090-8492-462C-BDF1-BDA02E11F6D9}.Debug|Any CPU.Build.0 = Debug|Any CPU
		{C10CE090-8492-462C-BDF1-BDA02E11F6D9}.Release|Any CPU.ActiveCfg = Release|Any CPU
		{C10CE090-8492-462C-BDF1-BDA02E11F6D9}.Release|Any CPU.Build.0 = Release|Any CPU
	EndGlobalSection
	GlobalSection(SolutionProperties) = preSolution
		HideSolutionNode = FALSE
	EndGlobalSection
	GlobalSection(ExtensibilityGlobals) = postSolution
		SolutionGuid = {FEC2A5FC-BFC0-4589-8871-FE5C64C69A51}
	EndGlobalSection
EndGlobal
