
Microsoft Visual Studio Solution File, Format Version 12.00
# Visual Studio Version 17
VisualStudioVersion = 17.9.34310.174
MinimumVisualStudioVersion = 10.0.40219.1
Project("{FAE04EC0-301F-11D3-BF4B-00C04F79EFBC}") = "ConsoleAppPrimaryConstructorStruct", "ConsoleAppPrimaryConstructorStruct.csproj", "{5BADA332-0D7C-4C59-B1EB-7EC68F17B547}"
EndProject
Global
	GlobalSection(SolutionConfigurationPlatforms) = preSolution
		Debug|Any CPU = Debug|Any CPU
		Release|Any CPU = Release|Any CPU
	EndGlobalSection
	GlobalSection(ProjectConfigurationPlatforms) = postSolution
		{5BADA332-0D7C-4C59-B1EB-7EC68F17B547}.Debug|Any CPU.ActiveCfg = Debug|Any CPU
		{5BADA332-0D7C-4C59-B1EB-7EC68F17B547}.Debug|Any CPU.Build.0 = Debug|Any CPU
		{5BADA332-0D7C-4C59-B1EB-7EC68F17B547}.Release|Any CPU.ActiveCfg = Release|Any CPU
		{5BADA332-0D7C-4C59-B1EB-7EC68F17B547}.Release|Any CPU.Build.0 = Release|Any CPU
	EndGlobalSection
	GlobalSection(SolutionProperties) = preSolution
		HideSolutionNode = FALSE
	EndGlobalSection
	GlobalSection(ExtensibilityGlobals) = postSolution
		SolutionGuid = {6E86D5BA-5EDB-4793-BE3E-E92398249253}
	EndGlobalSection
EndGlobal
