
Microsoft Visual Studio Solution File, Format Version 12.00
# Visual Studio Version 17
VisualStudioVersion = 17.9.34310.174
MinimumVisualStudioVersion = 10.0.40219.1
Project("{FAE04EC0-301F-11D3-BF4B-00C04F79EFBC}") = "ConsoleAppDefaultValuesLambdaExpr", "ConsoleAppDefaultValuesLambdaExpr.csproj", "{4C979BAB-8702-4B80-B178-CAF19192820C}"
EndProject
Global
	GlobalSection(SolutionConfigurationPlatforms) = preSolution
		Debug|Any CPU = Debug|Any CPU
		Release|Any CPU = Release|Any CPU
	EndGlobalSection
	GlobalSection(ProjectConfigurationPlatforms) = postSolution
		{4C979BAB-8702-4B80-B178-CAF19192820C}.Debug|Any CPU.ActiveCfg = Debug|Any CPU
		{4C979BAB-8702-4B80-B178-CAF19192820C}.Debug|Any CPU.Build.0 = Debug|Any CPU
		{4C979BAB-8702-4B80-B178-CAF19192820C}.Release|Any CPU.ActiveCfg = Release|Any CPU
		{4C979BAB-8702-4B80-B178-CAF19192820C}.Release|Any CPU.Build.0 = Release|Any CPU
	EndGlobalSection
	GlobalSection(SolutionProperties) = preSolution
		HideSolutionNode = FALSE
	EndGlobalSection
	GlobalSection(ExtensibilityGlobals) = postSolution
		SolutionGuid = {40650F39-F539-43BB-988E-FDBAD5A55CB1}
	EndGlobalSection
EndGlobal
