
Microsoft Visual Studio Solution File, Format Version 12.00
# Visual Studio Version 17
VisualStudioVersion = 17.9.34310.174
MinimumVisualStudioVersion = 10.0.40219.1
Project("{FAE04EC0-301F-11D3-BF4B-00C04F79EFBC}") = "ConsoleAppAliasesTypes", "ConsoleAppAliasesTypes.csproj", "{2B2BBBAC-446F-4E51-ADA3-86D5A4C6A216}"
EndProject
Global
	GlobalSection(SolutionConfigurationPlatforms) = preSolution
		Debug|Any CPU = Debug|Any CPU
		Release|Any CPU = Release|Any CPU
	EndGlobalSection
	GlobalSection(ProjectConfigurationPlatforms) = postSolution
		{2B2BBBAC-446F-4E51-ADA3-86D5A4C6A216}.Debug|Any CPU.ActiveCfg = Debug|Any CPU
		{2B2BBBAC-446F-4E51-ADA3-86D5A4C6A216}.Debug|Any CPU.Build.0 = Debug|Any CPU
		{2B2BBBAC-446F-4E51-ADA3-86D5A4C6A216}.Release|Any CPU.ActiveCfg = Release|Any CPU
		{2B2BBBAC-446F-4E51-ADA3-86D5A4C6A216}.Release|Any CPU.Build.0 = Release|Any CPU
	EndGlobalSection
	GlobalSection(SolutionProperties) = preSolution
		HideSolutionNode = FALSE
	EndGlobalSection
	GlobalSection(ExtensibilityGlobals) = postSolution
		SolutionGuid = {5D00E441-DF08-401F-84A9-7ACBF85996F5}
	EndGlobalSection
EndGlobal
